
Microsoft Visual Studio Solution File, Format Version 12.00
# Visual Studio 15
VisualStudioVersion = 15.0.26430.16
MinimumVisualStudioVersion = 10.0.40219.1
Project("{FAE04EC0-301F-11D3-BF4B-00C04F79EFBC}") = "WorkoutPlaner", "WorkoutPlaner\WorkoutPlaner\WorkoutPlaner.csproj", "{F5C494E6-E4C4-4E7C-889A-CB51929F6BF3}"
EndProject
Project("{FAE04EC0-301F-11D3-BF4B-00C04F79EFBC}") = "WorkoutPlaner.Droid", "WorkoutPlaner\WorkoutPlaner.Droid\WorkoutPlaner.Droid.csproj", "{75C7F59C-BF72-49FF-A14A-86DA034D0851}"
EndProject
Project("{9A19103F-16F7-4668-BE54-9A1E7A4F7556}") = "WorkoutPlaner.DAL", "WorkoutPlaner.DAL\WorkoutPlaner.DAL.csproj", "{291D7287-03DD-4349-AD88-8A1257F0CF01}"
EndProject
Project("{9A19103F-16F7-4668-BE54-9A1E7A4F7556}") = "WorkoutPlaner.Common", "WorkoutPlaner.Common\WorkoutPlaner.Common.csproj", "{4794ADF6-96F1-4CA7-98BE-A928D6568FCB}"
EndProject
Project("{FAE04EC0-301F-11D3-BF4B-00C04F79EFBC}") = "WorkoutPlaner.WIN", "WorkoutPlaner.WIN\WorkoutPlaner.WIN.csproj", "{EBDB28CD-6262-4901-B3DB-9C5940BBD285}"
EndProject
Project("{FAE04EC0-301F-11D3-BF4B-00C04F79EFBC}") = "WorkoutPlaner.BLL", "WorkoutPlaner.BLL\WorkoutPlaner.BLL.csproj", "{C79E292C-A4F7-4566-AFA3-D4302A7249B1}"
EndProject
Global
	GlobalSection(SolutionConfigurationPlatforms) = preSolution
		Debug|Any CPU = Debug|Any CPU
		Debug|ARM = Debug|ARM
		Debug|x64 = Debug|x64
		Debug|x86 = Debug|x86
		Release|Any CPU = Release|Any CPU
		Release|ARM = Release|ARM
		Release|x64 = Release|x64
		Release|x86 = Release|x86
	EndGlobalSection
	GlobalSection(ProjectConfigurationPlatforms) = postSolution
		{F5C494E6-E4C4-4E7C-889A-CB51929F6BF3}.Debug|Any CPU.ActiveCfg = Debug|Any CPU
		{F5C494E6-E4C4-4E7C-889A-CB51929F6BF3}.Debug|Any CPU.Build.0 = Debug|Any CPU
		{F5C494E6-E4C4-4E7C-889A-CB51929F6BF3}.Debug|ARM.ActiveCfg = Debug|Any CPU
		{F5C494E6-E4C4-4E7C-889A-CB51929F6BF3}.Debug|ARM.Build.0 = Debug|Any CPU
		{F5C494E6-E4C4-4E7C-889A-CB51929F6BF3}.Debug|x64.ActiveCfg = Debug|Any CPU
		{F5C494E6-E4C4-4E7C-889A-CB51929F6BF3}.Debug|x64.Build.0 = Debug|Any CPU
		{F5C494E6-E4C4-4E7C-889A-CB51929F6BF3}.Debug|x86.ActiveCfg = Debug|Any CPU
		{F5C494E6-E4C4-4E7C-889A-CB51929F6BF3}.Debug|x86.Build.0 = Debug|Any CPU
		{F5C494E6-E4C4-4E7C-889A-CB51929F6BF3}.Release|Any CPU.ActiveCfg = Release|Any CPU
		{F5C494E6-E4C4-4E7C-889A-CB51929F6BF3}.Release|Any CPU.Build.0 = Release|Any CPU
		{F5C494E6-E4C4-4E7C-889A-CB51929F6BF3}.Release|ARM.ActiveCfg = Release|Any CPU
		{F5C494E6-E4C4-4E7C-889A-CB51929F6BF3}.Release|ARM.Build.0 = Release|Any CPU
		{F5C494E6-E4C4-4E7C-889A-CB51929F6BF3}.Release|x64.ActiveCfg = Release|Any CPU
		{F5C494E6-E4C4-4E7C-889A-CB51929F6BF3}.Release|x64.Build.0 = Release|Any CPU
		{F5C494E6-E4C4-4E7C-889A-CB51929F6BF3}.Release|x86.ActiveCfg = Release|Any CPU
		{F5C494E6-E4C4-4E7C-889A-CB51929F6BF3}.Release|x86.Build.0 = Release|Any CPU
		{75C7F59C-BF72-49FF-A14A-86DA034D0851}.Debug|Any CPU.ActiveCfg = Debug|Any CPU
		{75C7F59C-BF72-49FF-A14A-86DA034D0851}.Debug|Any CPU.Build.0 = Debug|Any CPU
		{75C7F59C-BF72-49FF-A14A-86DA034D0851}.Debug|Any CPU.Deploy.0 = Debug|Any CPU
		{75C7F59C-BF72-49FF-A14A-86DA034D0851}.Debug|ARM.ActiveCfg = Debug|Any CPU
		{75C7F59C-BF72-49FF-A14A-86DA034D0851}.Debug|ARM.Build.0 = Debug|Any CPU
		{75C7F59C-BF72-49FF-A14A-86DA034D0851}.Debug|ARM.Deploy.0 = Debug|Any CPU
		{75C7F59C-BF72-49FF-A14A-86DA034D0851}.Debug|x64.ActiveCfg = Debug|Any CPU
		{75C7F59C-BF72-49FF-A14A-86DA034D0851}.Debug|x64.Build.0 = Debug|Any CPU
		{75C7F59C-BF72-49FF-A14A-86DA034D0851}.Debug|x64.Deploy.0 = Debug|Any CPU
		{75C7F59C-BF72-49FF-A14A-86DA034D0851}.Debug|x86.ActiveCfg = Debug|Any CPU
		{75C7F59C-BF72-49FF-A14A-86DA034D0851}.Debug|x86.Build.0 = Debug|Any CPU
		{75C7F59C-BF72-49FF-A14A-86DA034D0851}.Debug|x86.Deploy.0 = Debug|Any CPU
		{75C7F59C-BF72-49FF-A14A-86DA034D0851}.Release|Any CPU.ActiveCfg = Release|Any CPU
		{75C7F59C-BF72-49FF-A14A-86DA034D0851}.Release|Any CPU.Build.0 = Release|Any CPU
		{75C7F59C-BF72-49FF-A14A-86DA034D0851}.Release|Any CPU.Deploy.0 = Release|Any CPU
		{75C7F59C-BF72-49FF-A14A-86DA034D0851}.Release|ARM.ActiveCfg = Release|Any CPU
		{75C7F59C-BF72-49FF-A14A-86DA034D0851}.Release|ARM.Build.0 = Release|Any CPU
		{75C7F59C-BF72-49FF-A14A-86DA034D0851}.Release|ARM.Deploy.0 = Release|Any CPU
		{75C7F59C-BF72-49FF-A14A-86DA034D0851}.Release|x64.ActiveCfg = Release|Any CPU
		{75C7F59C-BF72-49FF-A14A-86DA034D0851}.Release|x64.Build.0 = Release|Any CPU
		{75C7F59C-BF72-49FF-A14A-86DA034D0851}.Release|x64.Deploy.0 = Release|Any CPU
		{75C7F59C-BF72-49FF-A14A-86DA034D0851}.Release|x86.ActiveCfg = Release|Any CPU
		{75C7F59C-BF72-49FF-A14A-86DA034D0851}.Release|x86.Build.0 = Release|Any CPU
		{75C7F59C-BF72-49FF-A14A-86DA034D0851}.Release|x86.Deploy.0 = Release|Any CPU
		{291D7287-03DD-4349-AD88-8A1257F0CF01}.Debug|Any CPU.ActiveCfg = Debug|Any CPU
		{291D7287-03DD-4349-AD88-8A1257F0CF01}.Debug|Any CPU.Build.0 = Debug|Any CPU
		{291D7287-03DD-4349-AD88-8A1257F0CF01}.Debug|ARM.ActiveCfg = Debug|Any CPU
		{291D7287-03DD-4349-AD88-8A1257F0CF01}.Debug|ARM.Build.0 = Debug|Any CPU
		{291D7287-03DD-4349-AD88-8A1257F0CF01}.Debug|x64.ActiveCfg = Debug|Any CPU
		{291D7287-03DD-4349-AD88-8A1257F0CF01}.Debug|x64.Build.0 = Debug|Any CPU
		{291D7287-03DD-4349-AD88-8A1257F0CF01}.Debug|x86.ActiveCfg = Debug|Any CPU
		{291D7287-03DD-4349-AD88-8A1257F0CF01}.Debug|x86.Build.0 = Debug|Any CPU
		{291D7287-03DD-4349-AD88-8A1257F0CF01}.Release|Any CPU.ActiveCfg = Release|Any CPU
		{291D7287-03DD-4349-AD88-8A1257F0CF01}.Release|Any CPU.Build.0 = Release|Any CPU
		{291D7287-03DD-4349-AD88-8A1257F0CF01}.Release|ARM.ActiveCfg = Release|Any CPU
		{291D7287-03DD-4349-AD88-8A1257F0CF01}.Release|ARM.Build.0 = Release|Any CPU
		{291D7287-03DD-4349-AD88-8A1257F0CF01}.Release|x64.ActiveCfg = Release|Any CPU
		{291D7287-03DD-4349-AD88-8A1257F0CF01}.Release|x64.Build.0 = Release|Any CPU
		{291D7287-03DD-4349-AD88-8A1257F0CF01}.Release|x86.ActiveCfg = Release|Any CPU
		{291D7287-03DD-4349-AD88-8A1257F0CF01}.Release|x86.Build.0 = Release|Any CPU
		{4794ADF6-96F1-4CA7-98BE-A928D6568FCB}.Debug|Any CPU.ActiveCfg = Debug|Any CPU
		{4794ADF6-96F1-4CA7-98BE-A928D6568FCB}.Debug|Any CPU.Build.0 = Debug|Any CPU
		{4794ADF6-96F1-4CA7-98BE-A928D6568FCB}.Debug|ARM.ActiveCfg = Debug|Any CPU
		{4794ADF6-96F1-4CA7-98BE-A928D6568FCB}.Debug|ARM.Build.0 = Debug|Any CPU
		{4794ADF6-96F1-4CA7-98BE-A928D6568FCB}.Debug|x64.ActiveCfg = Debug|Any CPU
		{4794ADF6-96F1-4CA7-98BE-A928D6568FCB}.Debug|x64.Build.0 = Debug|Any CPU
		{4794ADF6-96F1-4CA7-98BE-A928D6568FCB}.Debug|x86.ActiveCfg = Debug|Any CPU
		{4794ADF6-96F1-4CA7-98BE-A928D6568FCB}.Debug|x86.Build.0 = Debug|Any CPU
		{4794ADF6-96F1-4CA7-98BE-A928D6568FCB}.Release|Any CPU.ActiveCfg = Release|Any CPU
		{4794ADF6-96F1-4CA7-98BE-A928D6568FCB}.Release|Any CPU.Build.0 = Release|Any CPU
		{4794ADF6-96F1-4CA7-98BE-A928D6568FCB}.Release|ARM.ActiveCfg = Release|Any CPU
		{4794ADF6-96F1-4CA7-98BE-A928D6568FCB}.Release|ARM.Build.0 = Release|Any CPU
		{4794ADF6-96F1-4CA7-98BE-A928D6568FCB}.Release|x64.ActiveCfg = Release|Any CPU
		{4794ADF6-96F1-4CA7-98BE-A928D6568FCB}.Release|x64.Build.0 = Release|Any CPU
		{4794ADF6-96F1-4CA7-98BE-A928D6568FCB}.Release|x86.ActiveCfg = Release|Any CPU
		{4794ADF6-96F1-4CA7-98BE-A928D6568FCB}.Release|x86.Build.0 = Release|Any CPU
		{EBDB28CD-6262-4901-B3DB-9C5940BBD285}.Debug|Any CPU.ActiveCfg = Debug|x86
		{EBDB28CD-6262-4901-B3DB-9C5940BBD285}.Debug|Any CPU.Build.0 = Debug|x86
		{EBDB28CD-6262-4901-B3DB-9C5940BBD285}.Debug|Any CPU.Deploy.0 = Debug|x86
		{EBDB28CD-6262-4901-B3DB-9C5940BBD285}.Debug|ARM.ActiveCfg = Debug|ARM
		{EBDB28CD-6262-4901-B3DB-9C5940BBD285}.Debug|ARM.Build.0 = Debug|ARM
		{EBDB28CD-6262-4901-B3DB-9C5940BBD285}.Debug|ARM.Deploy.0 = Debug|ARM
		{EBDB28CD-6262-4901-B3DB-9C5940BBD285}.Debug|x64.ActiveCfg = Debug|x64
		{EBDB28CD-6262-4901-B3DB-9C5940BBD285}.Debug|x64.Build.0 = Debug|x64
		{EBDB28CD-6262-4901-B3DB-9C5940BBD285}.Debug|x64.Deploy.0 = Debug|x64
		{EBDB28CD-6262-4901-B3DB-9C5940BBD285}.Debug|x86.ActiveCfg = Debug|x86
		{EBDB28CD-6262-4901-B3DB-9C5940BBD285}.Debug|x86.Build.0 = Debug|x86
		{EBDB28CD-6262-4901-B3DB-9C5940BBD285}.Debug|x86.Deploy.0 = Debug|x86
		{EBDB28CD-6262-4901-B3DB-9C5940BBD285}.Release|Any CPU.ActiveCfg = Release|x86
		{EBDB28CD-6262-4901-B3DB-9C5940BBD285}.Release|ARM.ActiveCfg = Release|ARM
		{EBDB28CD-6262-4901-B3DB-9C5940BBD285}.Release|ARM.Build.0 = Release|ARM
		{EBDB28CD-6262-4901-B3DB-9C5940BBD285}.Release|ARM.Deploy.0 = Release|ARM
		{EBDB28CD-6262-4901-B3DB-9C5940BBD285}.Release|x64.ActiveCfg = Release|x64
		{EBDB28CD-6262-4901-B3DB-9C5940BBD285}.Release|x64.Build.0 = Release|x64
		{EBDB28CD-6262-4901-B3DB-9C5940BBD285}.Release|x64.Deploy.0 = Release|x64
		{EBDB28CD-6262-4901-B3DB-9C5940BBD285}.Release|x86.ActiveCfg = Release|x86
		{EBDB28CD-6262-4901-B3DB-9C5940BBD285}.Release|x86.Build.0 = Release|x86
		{EBDB28CD-6262-4901-B3DB-9C5940BBD285}.Release|x86.Deploy.0 = Release|x86
		{C79E292C-A4F7-4566-AFA3-D4302A7249B1}.Debug|Any CPU.ActiveCfg = Debug|Any CPU
		{C79E292C-A4F7-4566-AFA3-D4302A7249B1}.Debug|Any CPU.Build.0 = Debug|Any CPU
		{C79E292C-A4F7-4566-AFA3-D4302A7249B1}.Debug|ARM.ActiveCfg = Debug|Any CPU
		{C79E292C-A4F7-4566-AFA3-D4302A7249B1}.Debug|ARM.Build.0 = Debug|Any CPU
		{C79E292C-A4F7-4566-AFA3-D4302A7249B1}.Debug|x64.ActiveCfg = Debug|Any CPU
		{C79E292C-A4F7-4566-AFA3-D4302A7249B1}.Debug|x64.Build.0 = Debug|Any CPU
		{C79E292C-A4F7-4566-AFA3-D4302A7249B1}.Debug|x86.ActiveCfg = Debug|Any CPU
		{C79E292C-A4F7-4566-AFA3-D4302A7249B1}.Debug|x86.Build.0 = Debug|Any CPU
		{C79E292C-A4F7-4566-AFA3-D4302A7249B1}.Release|Any CPU.ActiveCfg = Release|Any CPU
		{C79E292C-A4F7-4566-AFA3-D4302A7249B1}.Release|Any CPU.Build.0 = Release|Any CPU
		{C79E292C-A4F7-4566-AFA3-D4302A7249B1}.Release|ARM.ActiveCfg = Release|Any CPU
		{C79E292C-A4F7-4566-AFA3-D4302A7249B1}.Release|ARM.Build.0 = Release|Any CPU
		{C79E292C-A4F7-4566-AFA3-D4302A7249B1}.Release|x64.ActiveCfg = Release|Any CPU
		{C79E292C-A4F7-4566-AFA3-D4302A7249B1}.Release|x64.Build.0 = Release|Any CPU
		{C79E292C-A4F7-4566-AFA3-D4302A7249B1}.Release|x86.ActiveCfg = Release|Any CPU
		{C79E292C-A4F7-4566-AFA3-D4302A7249B1}.Release|x86.Build.0 = Release|Any CPU
	EndGlobalSection
	GlobalSection(SolutionProperties) = preSolution
		HideSolutionNode = FALSE
	EndGlobalSection
EndGlobal
